
Microsoft Visual Studio Solution File, Format Version 12.00
Project("{FAE04EC0-301F-11D3-BF4B-00C04F79EFBC}") = "DesignPatterns_2", "DesignPatterns_2.csproj", "{E754F31E-AA9F-437C-BD45-B758ED2D2B86}"
EndProject
Global
	GlobalSection(SolutionConfigurationPlatforms) = preSolution
		Debug|Any CPU = Debug|Any CPU
		Release|Any CPU = Release|Any CPU
	EndGlobalSection
	GlobalSection(ProjectConfigurationPlatforms) = postSolution
		{E754F31E-AA9F-437C-BD45-B758ED2D2B86}.Debug|Any CPU.ActiveCfg = Debug|Any CPU
		{E754F31E-AA9F-437C-BD45-B758ED2D2B86}.Debug|Any CPU.Build.0 = Debug|Any CPU
		{E754F31E-AA9F-437C-BD45-B758ED2D2B86}.Release|Any CPU.ActiveCfg = Release|Any CPU
		{E754F31E-AA9F-437C-BD45-B758ED2D2B86}.Release|Any CPU.Build.0 = Release|Any CPU
	EndGlobalSection
EndGlobal
